<?xml version="1.0" encoding="utf-8"?>
<Project ToolsVersion="4.0" xmlns="http://schemas.microsoft.com/developer/msbuild/2003">
  <ItemGroup>
    <Filter Include="Quelldateien">
      <UniqueIdentifier>{4FC737F1-C7A5-4376-A066-2A32D752A2FF}</UniqueIdentifier>
      <Extensions>cpp;c;cc;cxx;def;odl;idl;hpj;bat;asm;asmx</Extensions>
    </Filter>
    <Filter Include="Headerdateien">
      <UniqueIdentifier>{93995380-89BD-4b04-88EB-625FBE52EBFB}</UniqueIdentifier>
      <Extensions>h;hh;hpp;hxx;hm;inl;inc;ipp;xsd</Extensions>
    </Filter>
    <Filter Include="Ressourcendateien">
      <UniqueIdentifier>{67DA6AB6-F800-4c08-8B7A-83BB121AAD01}</UniqueIdentifier>
      <Extensions>rc;ico;cur;bmp;dlg;rc2;rct;bin;rgs;gif;jpg;jpeg;jpe;resx;tiff;tif;png;wav;mfcribbon-ms</Extensions>
    </Filter>
  </ItemGroup>
  <ItemGroup>
    <ClInclude Include="Include\Guid\LiluVariables.h">
      <Filter>Headerdateien</Filter>
    </ClInclude>
    <ClInclude Include="Include\IndustryStandard\CpuId.h">
      <Filter>Headerdateien</Filter>
    </ClInclude>
    <ClInclude Include="Include\IndustryStandard\GenericIch.h">
      <Filter>Headerdateien</Filter>
    </ClInclude>
    <ClInclude Include="Include\Library\OcAcpiLib.h">
      <Filter>Headerdateien</Filter>
    </ClInclude>
    <ClInclude Include="Include\Library\OcAppleImageVerificationLib.h">
      <Filter>Headerdateien</Filter>
    </ClInclude>
    <ClInclude Include="Include\Library\OcCpuLib.h">
      <Filter>Headerdateien</Filter>
    </ClInclude>
    <ClInclude Include="Include\Library\OcCryptoLib.h">
      <Filter>Headerdateien</Filter>
    </ClInclude>
    <ClInclude Include="Include\Library\OcDevicePathLib.h">
      <Filter>Headerdateien</Filter>
    </ClInclude>
    <ClInclude Include="Include\Library\OcDevicePropertyLib.h">
      <Filter>Headerdateien</Filter>
    </ClInclude>
    <ClInclude Include="Include\Library\OcFileLib.h">
      <Filter>Headerdateien</Filter>
    </ClInclude>
    <ClInclude Include="Include\Library\OcFirmwarePasswordLib.h">
      <Filter>Headerdateien</Filter>
    </ClInclude>
    <ClInclude Include="Include\Library\OcMiscLib.h">
      <Filter>Headerdateien</Filter>
    </ClInclude>
    <ClInclude Include="Include\Library\OcGuardLib.h">
      <Filter>Headerdateien</Filter>
    </ClInclude>
    <ClInclude Include="Include\Library\OcPngLib.h">
      <Filter>Headerdateien</Filter>
    </ClInclude>
    <ClInclude Include="Include\Library\OcPrintLib.h">
      <Filter>Headerdateien</Filter>
    </ClInclude>
    <ClInclude Include="Include\Library\OcProtocolLib.h">
      <Filter>Headerdateien</Filter>
    </ClInclude>
    <ClInclude Include="Include\Library\OcRtcLib.h">
      <Filter>Headerdateien</Filter>
    </ClInclude>
    <ClInclude Include="Include\Library\OcStringLib.h">
      <Filter>Headerdateien</Filter>
    </ClInclude>
    <ClInclude Include="Include\Library\OcTimerLib.h">
      <Filter>Headerdateien</Filter>
    </ClInclude>
    <ClInclude Include="Include\Library\OcVariableLib.h">
      <Filter>Headerdateien</Filter>
    </ClInclude>
    <ClInclude Include="Include\Protocol\OcLog.h">
      <Filter>Headerdateien</Filter>
    </ClInclude>
    <ClInclude Include="Include\Macros.h">
      <Filter>Headerdateien</Filter>
    </ClInclude>
    <ClInclude Include="Include\ProcessorInfo.h">
      <Filter>Headerdateien</Filter>
    </ClInclude>
    <ClInclude Include="Library\OcAppleImageVerificationLib\ApplePublicKeyDb.h">
      <Filter>Headerdateien</Filter>
    </ClInclude>
    <ClInclude Include="Library\OcFileLib\OcFileLibInternal.h">
      <Filter>Headerdateien</Filter>
    </ClInclude>
    <ClInclude Include="Library\OcFirmwarePasswordLib\AppleFwPasswordInternal.h">
      <Filter>Headerdateien</Filter>
    </ClInclude>
    <ClInclude Include="Library\OcPngLib\lodepng.h">
      <Filter>Headerdateien</Filter>
    </ClInclude>
    <ClInclude Include="Library\OcPrintLib\GuidTable.h">
      <Filter>Headerdateien</Filter>
    </ClInclude>
    <ClInclude Include="Include\Library\OcMachoLib.h">
      <Filter>Headerdateien</Filter>
    </ClInclude>
  </ItemGroup>
  <ItemGroup>
    <ClCompile Include="Library\CupertinoAppleBootPolicyLib\BootPolicy.c">
      <Filter>Quelldateien</Filter>
    </ClCompile>
    <ClCompile Include="Library\OcAcpiLib\AcpiFindLegacyRsdPtr.c">
      <Filter>Quelldateien</Filter>
    </ClCompile>
    <ClCompile Include="Library\OcAcpiLib\AcpiFindRsdPtr.c">
      <Filter>Quelldateien</Filter>
    </ClCompile>
    <ClCompile Include="Library\OcAcpiLib\AcpiLocateTable.c">
      <Filter>Quelldateien</Filter>
    </ClCompile>
    <ClCompile Include="Library\OcAppleImageVerificationLib\OcAppleImageVerification.c">
      <Filter>Quelldateien</Filter>
    </ClCompile>
    <ClCompile Include="Library\OcCpuLib\OcCpuLib.c">
      <Filter>Quelldateien</Filter>
    </ClCompile>
    <ClCompile Include="Library\OcCryptoLib\Aes.c">
      <Filter>Quelldateien</Filter>
    </ClCompile>
    <ClCompile Include="Library\OcCryptoLib\Md5.c">
      <Filter>Quelldateien</Filter>
    </ClCompile>
    <ClCompile Include="Library\OcCryptoLib\Rsa2048Sha256.c">
      <Filter>Quelldateien</Filter>
    </ClCompile>
    <ClCompile Include="Library\OcCryptoLib\Sha1.c">
      <Filter>Quelldateien</Filter>
    </ClCompile>
    <ClCompile Include="Library\OcCryptoLib\Sha256.c">
      <Filter>Quelldateien</Filter>
    </ClCompile>
    <ClCompile Include="Library\OcDebugLogLib\OcDebugLogLib.c">
      <Filter>Quelldateien</Filter>
    </ClCompile>
    <ClCompile Include="Library\OcDevicePathLib\OcDevicePathLib.c">
      <Filter>Quelldateien</Filter>
    </ClCompile>
    <ClCompile Include="Library\OcDevicePropertyLib\OcDevicePropertyLib.c">
      <Filter>Quelldateien</Filter>
    </ClCompile>
    <ClCompile Include="Library\OcFileLib\FileExists.c">
      <Filter>Quelldateien</Filter>
    </ClCompile>
    <ClCompile Include="Library\OcFileLib\GetFileInfo.c">
      <Filter>Quelldateien</Filter>
    </ClCompile>
    <ClCompile Include="Library\OcFileLib\GetNextDirEntry.c">
      <Filter>Quelldateien</Filter>
    </ClCompile>
    <ClCompile Include="Library\OcFileLib\GetVolumeLabel.c">
      <Filter>Quelldateien</Filter>
    </ClCompile>
    <ClCompile Include="Library\OcFileLib\OpenDirectory.c">
      <Filter>Quelldateien</Filter>
    </ClCompile>
    <ClCompile Include="Library\OcFileLib\OpenFileSystem.c">
      <Filter>Quelldateien</Filter>
    </ClCompile>
    <ClCompile Include="Library\OcFileLib\ReadFile.c">
      <Filter>Quelldateien</Filter>
    </ClCompile>
    <ClCompile Include="Library\OcFileLib\ReadFvFile.c">
      <Filter>Quelldateien</Filter>
    </ClCompile>
    <ClCompile Include="Library\OcFileLib\WriteFile.c">
      <Filter>Quelldateien</Filter>
    </ClCompile>
    <ClCompile Include="Library\OcFirmwarePasswordLib\OcFirmwarePasswordLib.c">
      <Filter>Quelldateien</Filter>
    </ClCompile>
    <ClCompile Include="Library\OcMachoPrelinkLib\OcMachoPrelinkLib.c">
      <Filter>Quelldateien</Filter>
    </ClCompile>
    <ClCompile Include="Library\OcMiscLib\Base64Decode.c">
      <Filter>Quelldateien</Filter>
    </ClCompile>
    <ClCompile Include="Library\OcMiscLib\ConvertDataToString.c">
      <Filter>Quelldateien</Filter>
    </ClCompile>
    <ClCompile Include="Library\OcMiscLib\LegacyRegionLock.c">
      <Filter>Quelldateien</Filter>
    </ClCompile>
    <ClCompile Include="Library\OcMiscLib\LegacyRegionUnLock.c">
      <Filter>Quelldateien</Filter>
    </ClCompile>
    <ClCompile Include="Library\OcMiscLib\LogBootOrder.c">
      <Filter>Quelldateien</Filter>
    </ClCompile>
    <ClCompile Include="Library\OcMiscLib\LogHexDump.c">
      <Filter>Quelldateien</Filter>
    </ClCompile>
    <ClCompile Include="Library\OcMiscLib\SetPlatformData.c">
      <Filter>Quelldateien</Filter>
    </ClCompile>
    <ClCompile Include="Library\OcGuardLib\BitOverflow.c">
      <Filter>Quelldateien</Filter>
    </ClCompile>
    <ClCompile Include="Library\OcGuardLib\NativeOverflow.c">
      <Filter>Quelldateien</Filter>
    </ClCompile>
    <ClCompile Include="Library\OcGuardLib\TripleOverflow.c">
      <Filter>Quelldateien</Filter>
    </ClCompile>
    <ClCompile Include="Library\OcPngLib\lodepng.c">
      <Filter>Quelldateien</Filter>
    </ClCompile>
    <ClCompile Include="Library\OcPngLib\OcPng.c">
      <Filter>Quelldateien</Filter>
    </ClCompile>
    <ClCompile Include="Library\OcPrintLib\GuidTable.c">
      <Filter>Quelldateien</Filter>
    </ClCompile>
    <ClCompile Include="Library\OcPrintLib\OcPrintLib.c">
      <Filter>Quelldateien</Filter>
    </ClCompile>
    <ClCompile Include="Library\OcPrintLib\StringTable.c">
      <Filter>Quelldateien</Filter>
    </ClCompile>
    <ClCompile Include="Library\OcProtocolLib\RegisterProtocolCallback.c">
      <Filter>Quelldateien</Filter>
    </ClCompile>
    <ClCompile Include="Library\OcProtocolLib\SafeHandleProtocol.c">
      <Filter>Quelldateien</Filter>
    </ClCompile>
    <ClCompile Include="Library\OcProtocolLib\SafeInstallProtocolInterface.c">
      <Filter>Quelldateien</Filter>
    </ClCompile>
    <ClCompile Include="Library\OcProtocolLib\SafeLocateProtocol.c">
      <Filter>Quelldateien</Filter>
    </ClCompile>
    <ClCompile Include="Library\OcProtocolLib\SignalProtocolEvent.c">
      <Filter>Quelldateien</Filter>
    </ClCompile>
    <ClCompile Include="Library\OcRtcLib\OcRtcLib.c">
      <Filter>Quelldateien</Filter>
    </ClCompile>
    <ClCompile Include="Library\OcStringLib\OcAsciiLib.c">
      <Filter>Quelldateien</Filter>
    </ClCompile>
    <ClCompile Include="Library\OcStringLib\OcUnicodeLib.c">
      <Filter>Quelldateien</Filter>
    </ClCompile>
    <ClCompile Include="Library\OcTimerLib\OcTimerLib.c">
      <Filter>Quelldateien</Filter>
    </ClCompile>
    <ClCompile Include="Library\OcVariableLib\CheckVariable.c">
      <Filter>Quelldateien</Filter>
    </ClCompile>
    <ClCompile Include="Library\OcVariableLib\DeleteVariable.c">
      <Filter>Quelldateien</Filter>
    </ClCompile>
    <ClCompile Include="Library\OcVariableLib\GetVariable.c">
      <Filter>Quelldateien</Filter>
    </ClCompile>
    <ClCompile Include="Library\OcVariableLib\SetVariable.c">
      <Filter>Quelldateien</Filter>
    </ClCompile>
    <ClCompile Include="Library\OcMachoLib\Symbols.c">
      <Filter>Quelldateien</Filter>
    </ClCompile>
    <ClCompile Include="Library\OcMachoLib\CxxSymbols.c">
      <Filter>Quelldateien</Filter>
    </ClCompile>
    <ClCompile Include="Library\OcMachoLib\Relocations.c">
      <Filter>Quelldateien</Filter>
    </ClCompile>
    <ClCompile Include="Library\OcMachoLib\Header.c">
      <Filter>Quelldateien</Filter>
    </ClCompile>
  </ItemGroup>
</Project>